
Microsoft Visual Studio Solution File, Format Version 12.00
# Visual Studio Version 17
VisualStudioVersion = 17.13.35825.156 d17.13
MinimumVisualStudioVersion = 10.0.40219.1
Project("{FAE04EC0-301F-11D3-BF4B-00C04F79EFBC}") = "LsbDatabaseApi", "LsbDatabaseApi.csproj", "{177F2F89-1CA2-491F-BAAE-FCB8C2705E7C}"
EndProject
Global
	GlobalSection(SolutionConfigurationPlatforms) = preSolution
		Debug|Any CPU = Debug|Any CPU
		Release|Any CPU = Release|Any CPU
	EndGlobalSection
	GlobalSection(ProjectConfigurationPlatforms) = postSolution
		{177F2F89-1CA2-491F-BAAE-FCB8C2705E7C}.Debug|Any CPU.ActiveCfg = Debug|Any CPU
		{177F2F89-1CA2-491F-BAAE-FCB8C2705E7C}.Debug|Any CPU.Build.0 = Debug|Any CPU
		{177F2F89-1CA2-491F-BAAE-FCB8C2705E7C}.Release|Any CPU.ActiveCfg = Release|Any CPU
		{177F2F89-1CA2-491F-BAAE-FCB8C2705E7C}.Release|Any CPU.Build.0 = Release|Any CPU
	EndGlobalSection
	GlobalSection(SolutionProperties) = preSolution
		HideSolutionNode = FALSE
	EndGlobalSection
	GlobalSection(ExtensibilityGlobals) = postSolution
		SolutionGuid = {E2E1AF5D-D152-4609-B9A2-565E1E37D3A7}
	EndGlobalSection
EndGlobal
